// !$*UTF8*$!
{
	archiveVersion = 1;
	classes = {
	};
	objectVersion = 48;
	objects = {

/* Begin PBXBuildFile section */
		761220F21F7A5C1100024C70 /* AppDelegate.swift in Sources */ = {isa = PBXBuildFile; fileRef = 761220F11F7A5C1100024C70 /* AppDelegate.swift */; };
		761220F41F7A5C1100024C70 /* ViewController.swift in Sources */ = {isa = PBXBuildFile; fileRef = 761220F31F7A5C1100024C70 /* ViewController.swift */; };
		761220F71F7A5C1100024C70 /* Main.storyboard in Resources */ = {isa = PBXBuildFile; fileRef = 761220F51F7A5C1100024C70 /* Main.storyboard */; };
		761220F91F7A5C1100024C70 /* Assets.xcassets in Resources */ = {isa = PBXBuildFile; fileRef = 761220F81F7A5C1100024C70 /* Assets.xcassets */; };
		761220FC1F7A5C1100024C70 /* LaunchScreen.storyboard in Resources */ = {isa = PBXBuildFile; fileRef = 761220FA1F7A5C1100024C70 /* LaunchScreen.storyboard */; };
		761221071F7A5C1200024C70 /* test1Tests.swift in Sources */ = {isa = PBXBuildFile; fileRef = 761221061F7A5C1200024C70 /* test1Tests.swift */; };
		761221121F7A5C1200024C70 /* test1UITests.swift in Sources */ = {isa = PBXBuildFile; fileRef = 761221111F7A5C1200024C70 /* test1UITests.swift */; };
/* End PBXBuildFile section */

/* Begin PBXContainerItemProxy section */
		761221031F7A5C1200024C70 /* PBXContainerItemProxy */ = {
			isa = PBXContainerItemProxy;
			containerPortal = 761220E61F7A5C1100024C70 /* Project object */;
			proxyType = 1;
			remoteGlobalIDString = 761220ED1F7A5C1100024C70;
			remoteInfo = test1;
		};
		7612210E1F7A5C1200024C70 /* PBXContainerItemProxy */ = {
			isa = PBXContainerItemProxy;
			containerPortal = 761220E61F7A5C1100024C70 /* Project object */;
			proxyType = 1;
			remoteGlobalIDString = 761220ED1F7A5C1100024C70;
			remoteInfo = test1;
		};
/* End PBXContainerItemProxy section */

/* Begin PBXFileReference section */
		761220EE1F7A5C1100024C70 /* test1.app */ = {isa = PBXFileReference; explicitFileType = wrapper.application; includeInIndex = 0; path = test1.app; sourceTree = BUILT_PRODUCTS_DIR; };
		761220F11F7A5C1100024C70 /* AppDelegate.swift */ = {isa = PBXFileReference; lastKnownFileType = sourcecode.swift; path = AppDelegate.swift; sourceTree = "<group>"; };
		761220F31F7A5C1100024C70 /* ViewController.swift */ = {isa = PBXFileReference; lastKnownFileType = sourcecode.swift; path = ViewController.swift; sourceTree = "<group>"; };
		761220F61F7A5C1100024C70 /* Base */ = {isa = PBXFileReference; lastKnownFileType = file.storyboard; name = Base; path = Base.lproj/Main.storyboard; sourceTree = "<group>"; };
		761220F81F7A5C1100024C70 /* Assets.xcassets */ = {isa = PBXFileReference; lastKnownFileType = folder.assetcatalog; path = Assets.xcassets; sourceTree = "<group>"; };
		761220FB1F7A5C1100024C70 /* Base */ = {isa = PBXFileReference; lastKnownFileType = file.storyboard; name = Base; path = Base.lproj/LaunchScreen.storyboard; sourceTree = "<group>"; };
		761220FD1F7A5C1100024C70 /* Info.plist */ = {isa = PBXFileReference; lastKnownFileType = text.plist.xml; path = Info.plist; sourceTree = "<group>"; };
		761221021F7A5C1200024C70 /* test1Tests.xctest */ = {isa = PBXFileReference; explicitFileType = wrapper.cfbundle; includeInIndex = 0; path = test1Tests.xctest; sourceTree = BUILT_PRODUCTS_DIR; };
		761221061F7A5C1200024C70 /* test1Tests.swift */ = {isa = PBXFileReference; lastKnownFileType = sourcecode.swift; path = test1Tests.swift; sourceTree = "<group>"; };
		761221081F7A5C1200024C70 /* Info.plist */ = {isa = PBXFileReference; lastKnownFileType = text.plist.xml; path = Info.plist; sourceTree = "<group>"; };
		7612210D1F7A5C1200024C70 /* test1UITests.xctest */ = {isa = PBXFileReference; explicitFileType = wrapper.cfbundle; includeInIndex = 0; path = test1UITests.xctest; sourceTree = BUILT_PRODUCTS_DIR; };
		761221111F7A5C1200024C70 /* test1UITests.swift */ = {isa = PBXFileReference; lastKnownFileType = sourcecode.swift; path = test1UITests.swift; sourceTree = "<group>"; };
		761221131F7A5C1200024C70 /* Info.plist */ = {isa = PBXFileReference; lastKnownFileType = text.plist.xml; path = Info.plist; sourceTree = "<group>"; };
/* End PBXFileReference section */

/* Begin PBXFrameworksBuildPhase section */
		761220EB1F7A5C1100024C70 /* Frameworks */ = {
			isa = PBXFrameworksBuildPhase;
			buildActionMask = 2147483647;
			files = (
			);
			runOnlyForDeploymentPostprocessing = 0;
		};
		761220FF1F7A5C1200024C70 /* Frameworks */ = {
			isa = PBXFrameworksBuildPhase;
			buildActionMask = 2147483647;
			files = (
			);
			runOnlyForDeploymentPostprocessing = 0;
		};
		7612210A1F7A5C1200024C70 /* Frameworks */ = {
			isa = PBXFrameworksBuildPhase;
			buildActionMask = 2147483647;
			files = (
			);
			runOnlyForDeploymentPostprocessing = 0;
		};
/* End PBXFrameworksBuildPhase section */

/* Begin PBXGroup section */
		761220E51F7A5C1100024C70 = {
			isa = PBXGroup;
			children = (
				761220F01F7A5C1100024C70 /* test1 */,
				761221051F7A5C1200024C70 /* test1Tests */,
				761221101F7A5C1200024C70 /* test1UITests */,
				761220EF1F7A5C1100024C70 /* Products */,
			);
			sourceTree = "<group>";
		};
		761220EF1F7A5C1100024C70 /* Products */ = {
			isa = PBXGroup;
			children = (
				761220EE1F7A5C1100024C70 /* test1.app */,
				761221021F7A5C1200024C70 /* test1Tests.xctest */,
				7612210D1F7A5C1200024C70 /* test1UITests.xctest */,
			);
			name = Products;
			sourceTree = "<group>";
		};
		761220F01F7A5C1100024C70 /* test1 */ = {
			isa = PBXGroup;
			children = (
				761220F11F7A5C1100024C70 /* AppDelegate.swift */,
				761220F31F7A5C1100024C70 /* ViewController.swift */,
				761220F51F7A5C1100024C70 /* Main.storyboard */,
				761220F81F7A5C1100024C70 /* Assets.xcassets */,
				761220FA1F7A5C1100024C70 /* LaunchScreen.storyboard */,
				761220FD1F7A5C1100024C70 /* Info.plist */,
			);
			path = test1;
			sourceTree = "<group>";
		};
		761221051F7A5C1200024C70 /* test1Tests */ = {
			isa = PBXGroup;
			children = (
				761221061F7A5C1200024C70 /* test1Tests.swift */,
				761221081F7A5C1200024C70 /* Info.plist */,
			);
			path = test1Tests;
			sourceTree = "<group>";
		};
		761221101F7A5C1200024C70 /* test1UITests */ = {
			isa = PBXGroup;
			children = (
				761221111F7A5C1200024C70 /* test1UITests.swift */,
				761221131F7A5C1200024C70 /* Info.plist */,
			);
			path = test1UITests;
			sourceTree = "<group>";
		};
/* End PBXGroup section */

/* Begin PBXNativeTarget section */
		761220ED1F7A5C1100024C70 /* test1 */ = {
			isa = PBXNativeTarget;
			buildConfigurationList = 761221161F7A5C1200024C70 /* Build configuration list for PBXNativeTarget "test1" */;
			buildPhases = (
				761220EA1F7A5C1100024C70 /* Sources */,
				761220EB1F7A5C1100024C70 /* Frameworks */,
				761220EC1F7A5C1100024C70 /* Resources */,
			);
			buildRules = (
			);
			dependencies = (
			);
			name = test1;
			productName = test1;
			productReference = 761220EE1F7A5C1100024C70 /* test1.app */;
			productType = "com.apple.product-type.application";
		};
		761221011F7A5C1200024C70 /* test1Tests */ = {
			isa = PBXNativeTarget;
			buildConfigurationList = 761221191F7A5C1200024C70 /* Build configuration list for PBXNativeTarget "test1Tests" */;
			buildPhases = (
				761220FE1F7A5C1200024C70 /* Sources */,
				761220FF1F7A5C1200024C70 /* Frameworks */,
				761221001F7A5C1200024C70 /* Resources */,
			);
			buildRules = (
			);
			dependencies = (
				761221041F7A5C1200024C70 /* PBXTargetDependency */,
			);
			name = test1Tests;
			productName = test1Tests;
			productReference = 761221021F7A5C1200024C70 /* test1Tests.xctest */;
			productType = "com.apple.product-type.bundle.unit-test";
		};
		7612210C1F7A5C1200024C70 /* test1UITests */ = {
			isa = PBXNativeTarget;
			buildConfigurationList = 7612211C1F7A5C1200024C70 /* Build configuration list for PBXNativeTarget "test1UITests" */;
			buildPhases = (
				761221091F7A5C1200024C70 /* Sources */,
				7612210A1F7A5C1200024C70 /* Frameworks */,
				7612210B1F7A5C1200024C70 /* Resources */,
			);
			buildRules = (
			);
			dependencies = (
				7612210F1F7A5C1200024C70 /* PBXTargetDependency */,
			);
			name = test1UITests;
			productName = test1UITests;
			productReference = 7612210D1F7A5C1200024C70 /* test1UITests.xctest */;
			productType = "com.apple.product-type.bundle.ui-testing";
		};
/* End PBXNativeTarget section */

/* Begin PBXProject section */
		761220E61F7A5C1100024C70 /* Project object */ = {
			isa = PBXProject;
			attributes = {
				LastSwiftUpdateCheck = 0900;
				LastUpgradeCheck = 0900;
				ORGANIZATIONNAME = benquek;
				TargetAttributes = {
					761220ED1F7A5C1100024C70 = {
						CreatedOnToolsVersion = 9.0;
						ProvisioningStyle = Automatic;
					};
					761221011F7A5C1200024C70 = {
						CreatedOnToolsVersion = 9.0;
						ProvisioningStyle = Automatic;
						TestTargetID = 761220ED1F7A5C1100024C70;
					};
					7612210C1F7A5C1200024C70 = {
						CreatedOnToolsVersion = 9.0;
						ProvisioningStyle = Automatic;
						TestTargetID = 761220ED1F7A5C1100024C70;
					};
				};
			};
			buildConfigurationList = 761220E91F7A5C1100024C70 /* Build configuration list for PBXProject "test1" */;
			compatibilityVersion = "Xcode 8.0";
			developmentRegion = en;
			hasScannedForEncodings = 0;
			knownRegions = (
				en,
				Base,
			);
			mainGroup = 761220E51F7A5C1100024C70;
			productRefGroup = 761220EF1F7A5C1100024C70 /* Products */;
			projectDirPath = "";
			projectRoot = "";
			targets = (
				761220ED1F7A5C1100024C70 /* test1 */,
				761221011F7A5C1200024C70 /* test1Tests */,
				7612210C1F7A5C1200024C70 /* test1UITests */,
			);
		};
/* End PBXProject section */

/* Begin PBXResourcesBuildPhase section */
		761220EC1F7A5C1100024C70 /* Resources */ = {
			isa = PBXResourcesBuildPhase;
			buildActionMask = 2147483647;
			files = (
				761220FC1F7A5C1100024C70 /* LaunchScreen.storyboard in Resources */,
				761220F91F7A5C1100024C70 /* Assets.xcassets in Resources */,
				761220F71F7A5C1100024C70 /* Main.storyboard in Resources */,
			);
			runOnlyForDeploymentPostprocessing = 0;
		};
		761221001F7A5C1200024C70 /* Resources */ = {
			isa = PBXResourcesBuildPhase;
			buildActionMask = 2147483647;
			files = (
			);
			runOnlyForDeploymentPostprocessing = 0;
		};
		7612210B1F7A5C1200024C70 /* Resources */ = {
			isa = PBXResourcesBuildPhase;
			buildActionMask = 2147483647;
			files = (
			);
			runOnlyForDeploymentPostprocessing = 0;
		};
/* End PBXResourcesBuildPhase section */

/* Begin PBXSourcesBuildPhase section */
		761220EA1F7A5C1100024C70 /* Sources */ = {
			isa = PBXSourcesBuildPhase;
			buildActionMask = 2147483647;
			files = (
				761220F41F7A5C1100024C70 /* ViewController.swift in Sources */,
				761220F21F7A5C1100024C70 /* AppDelegate.swift in Sources */,
			);
			runOnlyForDeploymentPostprocessing = 0;
		};
		761220FE1F7A5C1200024C70 /* Sources */ = {
			isa = PBXSourcesBuildPhase;
			buildActionMask = 2147483647;
			files = (
				761221071F7A5C1200024C70 /* test1Tests.swift in Sources */,
			);
			runOnlyForDeploymentPostprocessing = 0;
		};
		761221091F7A5C1200024C70 /* Sources */ = {
			isa = PBXSourcesBuildPhase;
			buildActionMask = 2147483647;
			files = (
				761221121F7A5C1200024C70 /* test1UITests.swift in Sources */,
			);
			runOnlyForDeploymentPostprocessing = 0;
		};
/* End PBXSourcesBuildPhase section */

/* Begin PBXTargetDependency section */
		761221041F7A5C1200024C70 /* PBXTargetDependency */ = {
			isa = PBXTargetDependency;
			target = 761220ED1F7A5C1100024C70 /* test1 */;
			targetProxy = 761221031F7A5C1200024C70 /* PBXContainerItemProxy */;
		};
		7612210F1F7A5C1200024C70 /* PBXTargetDependency */ = {
			isa = PBXTargetDependency;
			target = 761220ED1F7A5C1100024C70 /* test1 */;
			targetProxy = 7612210E1F7A5C1200024C70 /* PBXContainerItemProxy */;
		};
/* End PBXTargetDependency section */

/* Begin PBXVariantGroup section */
		761220F51F7A5C1100024C70 /* Main.storyboard */ = {
			isa = PBXVariantGroup;
			children = (
				761220F61F7A5C1100024C70 /* Base */,
			);
			name = Main.storyboard;
			sourceTree = "<group>";
		};
		761220FA1F7A5C1100024C70 /* LaunchScreen.storyboard */ = {
			isa = PBXVariantGroup;
			children = (
				761220FB1F7A5C1100024C70 /* Base */,
			);
			name = LaunchScreen.storyboard;
			sourceTree = "<group>";
		};
/* End PBXVariantGroup section */

/* Begin XCBuildConfiguration section */
		761221141F7A5C1200024C70 /* Debug */ = {
			isa = XCBuildConfiguration;
			buildSettings = {
				ALWAYS_SEARCH_USER_PATHS = NO;
				CLANG_ANALYZER_NONNULL = YES;
				CLANG_ANALYZER_NUMBER_OBJECT_CONVERSION = YES_AGGRESSIVE;
				CLANG_CXX_LANGUAGE_STANDARD = "gnu++14";
				CLANG_CXX_LIBRARY = "libc++";
				CLANG_ENABLE_MODULES = YES;
				CLANG_ENABLE_OBJC_ARC = YES;
				CLANG_WARN_BLOCK_CAPTURE_AUTORELEASING = YES;
				CLANG_WARN_BOOL_CONVERSION = YES;
				CLANG_WARN_COMMA = YES;
				CLANG_WARN_CONSTANT_CONVERSION = YES;
				CLANG_WARN_DIRECT_OBJC_ISA_USAGE = YES_ERROR;
				CLANG_WARN_DOCUMENTATION_COMMENTS = YES;
				CLANG_WARN_EMPTY_BODY = YES;
				CLANG_WARN_ENUM_CONVERSION = YES;
				CLANG_WARN_INFINITE_RECURSION = YES;
				CLANG_WARN_INT_CONVERSION = YES;
				CLANG_WARN_NON_LITERAL_NULL_CONVERSION = YES;
				CLANG_WARN_OBJC_LITERAL_CONVERSION = YES;
				CLANG_WARN_OBJC_ROOT_CLASS = YES_ERROR;
				CLANG_WARN_RANGE_LOOP_ANALYSIS = YES;
				CLANG_WARN_STRICT_PROTOTYPES = YES;
				CLANG_WARN_SUSPICIOUS_MOVE = YES;
				CLANG_WARN_UNGUARDED_AVAILABILITY = YES_AGGRESSIVE;
				CLANG_WARN_UNREACHABLE_CODE = YES;
				CLANG_WARN__DUPLICATE_METHOD_MATCH = YES;
				CODE_SIGN_IDENTITY = "iPhone Developer";
				COPY_PHASE_STRIP = NO;
				DEBUG_INFORMATION_FORMAT = dwarf;
				ENABLE_STRICT_OBJC_MSGSEND = YES;
				ENABLE_TESTABILITY = YES;
				GCC_C_LANGUAGE_STANDARD = gnu11;
				GCC_DYNAMIC_NO_PIC = NO;
				GCC_NO_COMMON_BLOCKS = YES;
				GCC_OPTIMIZATION_LEVEL = 0;
				GCC_PREPROCESSOR_DEFINITIONS = (
					"DEBUG=1",
					"$(inherited)",
				);
				GCC_WARN_64_TO_32_BIT_CONVERSION = YES;
				GCC_WARN_ABOUT_RETURN_TYPE = YES_ERROR;
				GCC_WARN_UNDECLARED_SELECTOR = YES;
				GCC_WARN_UNINITIALIZED_AUTOS = YES_AGGRESSIVE;
				GCC_WARN_UNUSED_FUNCTION = YES;
				GCC_WARN_UNUSED_VARIABLE = YES;
				IPHONEOS_DEPLOYMENT_TARGET = 11.0;
				MTL_ENABLE_DEBUG_INFO = YES;
				ONLY_ACTIVE_ARCH = YES;
				SDKROOT = iphoneos;
				SWIFT_ACTIVE_COMPILATION_CONDITIONS = DEBUG;
				SWIFT_OPTIMIZATION_LEVEL = "-Onone";
			};
			name = Debug;
		};
		761221151F7A5C1200024C70 /* Release */ = {
			isa = XCBuildConfiguration;
			buildSettings = {
				ALWAYS_SEARCH_USER_PATHS = NO;
				CLANG_ANALYZER_NONNULL = YES;
				CLANG_ANALYZER_NUMBER_OBJECT_CONVERSION = YES_AGGRESSIVE;
				CLANG_CXX_LANGUAGE_STANDARD = "gnu++14";
				CLANG_CXX_LIBRARY = "libc++";
				CLANG_ENABLE_MODULES = YES;
				CLANG_ENABLE_OBJC_ARC = YES;
				CLANG_WARN_BLOCK_CAPTURE_AUTORELEASING = YES;
				CLANG_WARN_BOOL_CONVERSION = YES;
				CLANG_WARN_COMMA = YES;
				CLANG_WARN_CONSTANT_CONVERSION = YES;
				CLANG_WARN_DIRECT_OBJC_ISA_USAGE = YES_ERROR;
				CLANG_WARN_DOCUMENTATION_COMMENTS = YES;
				CLANG_WARN_EMPTY_BODY = YES;
				CLANG_WARN_ENUM_CONVERSION = YES;
				CLANG_WARN_INFINITE_RECURSION = YES;
				CLANG_WARN_INT_CONVERSION = YES;
				CLANG_WARN_NON_LITERAL_NULL_CONVERSION = YES;
				CLANG_WARN_OBJC_LITERAL_CONVERSION = YES;
				CLANG_WARN_OBJC_ROOT_CLASS = YES_ERROR;
				CLANG_WARN_RANGE_LOOP_ANALYSIS = YES;
				CLANG_WARN_STRICT_PROTOTYPES = YES;
				CLANG_WARN_SUSPICIOUS_MOVE = YES;
				CLANG_WARN_UNGUARDED_AVAILABILITY = YES_AGGRESSIVE;
				CLANG_WARN_UNREACHABLE_CODE = YES;
				CLANG_WARN__DUPLICATE_METHOD_MATCH = YES;
				CODE_SIGN_IDENTITY = "iPhone Developer";
				COPY_PHASE_STRIP = NO;
				DEBUG_INFORMATION_FORMAT = "dwarf-with-dsym";
				ENABLE_NS_ASSERTIONS = NO;
				ENABLE_STRICT_OBJC_MSGSEND = YES;
				GCC_C_LANGUAGE_STANDARD = gnu11;
				GCC_NO_COMMON_BLOCKS = YES;
				GCC_WARN_64_TO_32_BIT_CONVERSION = YES;
				GCC_WARN_ABOUT_RETURN_TYPE = YES_ERROR;
				GCC_WARN_UNDECLARED_SELECTOR = YES;
				GCC_WARN_UNINITIALIZED_AUTOS = YES_AGGRESSIVE;
				GCC_WARN_UNUSED_FUNCTION = YES;
				GCC_WARN_UNUSED_VARIABLE = YES;
				IPHONEOS_DEPLOYMENT_TARGET = 11.0;
				MTL_ENABLE_DEBUG_INFO = NO;
				SDKROOT = iphoneos;
				SWIFT_OPTIMIZATION_LEVEL = "-Owholemodule";
				VALIDATE_PRODUCT = YES;
			};
			name = Release;
		};
		761221171F7A5C1200024C70 /* Debug */ = {
			isa = XCBuildConfiguration;
			buildSettings = {
				ASSETCATALOG_COMPILER_APPICON_NAME = AppIcon;
				CODE_SIGN_STYLE = Automatic;
				DEVELOPMENT_TEAM = E4PPBS78L8;
				INFOPLIST_FILE = test1/Info.plist;
				LD_RUNPATH_SEARCH_PATHS = "$(inherited) @executable_path/Frameworks";
				PRODUCT_BUNDLE_IDENTIFIER = "com.CustomSoftware-Sg.test1.test1";
				PRODUCT_NAME = "$(TARGET_NAME)";
				SWIFT_VERSION = 4.0;
				TARGETED_DEVICE_FAMILY = "1,2";
			};
			name = Debug;
		};
		761221181F7A5C1200024C70 /* Release */ = {
			isa = XCBuildConfiguration;
			buildSettings = {
				ASSETCATALOG_COMPILER_APPICON_NAME = AppIcon;
				CODE_SIGN_STYLE = Automatic;
				DEVELOPMENT_TEAM = E4PPBS78L8;
				INFOPLIST_FILE = test1/Info.plist;
				LD_RUNPATH_SEARCH_PATHS = "$(inherited) @executable_path/Frameworks";
				PRODUCT_BUNDLE_IDENTIFIER = "com.CustomSoftware-Sg.test1.test1";
				PRODUCT_NAME = "$(TARGET_NAME)";
				SWIFT_VERSION = 4.0;
				TARGETED_DEVICE_FAMILY = "1,2";
			};
			name = Release;
		};
		7612211A1F7A5C1200024C70 /* Debug */ = {
			isa = XCBuildConfiguration;
			buildSettings = {
				ALWAYS_EMBED_SWIFT_STANDARD_LIBRARIES = YES;
				BUNDLE_LOADER = "$(TEST_HOST)";
				CODE_SIGN_STYLE = Automatic;
				INFOPLIST_FILE = test1Tests/Info.plist;
				LD_RUNPATH_SEARCH_PATHS = "$(inherited) @executable_path/Frameworks @loader_path/Frameworks";
				PRODUCT_BUNDLE_IDENTIFIER = "com.CustomSoftware-Sg.test1.test1Tests";
				PRODUCT_NAME = "$(TARGET_NAME)";
				SWIFT_VERSION = 4.0;
				TARGETED_DEVICE_FAMILY = "1,2";
				TEST_HOST = "$(BUILT_PRODUCTS_DIR)/test1.app/test1";
			};
			name = Debug;
		};
		7612211B1F7A5C1200024C70 /* Release */ = {
			isa = XCBuildConfiguration;
			buildSettings = {
				ALWAYS_EMBED_SWIFT_STANDARD_LIBRARIES = YES;
				BUNDLE_LOADER = "$(TEST_HOST)";
				CODE_SIGN_STYLE = Automatic;
				INFOPLIST_FILE = test1Tests/Info.plist;
				LD_RUNPATH_SEARCH_PATHS = "$(inherited) @executable_path/Frameworks @loader_path/Frameworks";
				PRODUCT_BUNDLE_IDENTIFIER = "com.CustomSoftware-Sg.test1.test1Tests";
				PRODUCT_NAME = "$(TARGET_NAME)";
				SWIFT_VERSION = 4.0;
				TARGETED_DEVICE_FAMILY = "1,2";
				TEST_HOST = "$(BUILT_PRODUCTS_DIR)/test1.app/test1";
			};
			name = Release;
		};
		7612211D1F7A5C1200024C70 /* Debug */ = {
			isa = XCBuildConfiguration;
			buildSettings = {
				ALWAYS_EMBED_SWIFT_STANDARD_LIBRARIES = YES;
				CODE_SIGN_STYLE = Automatic;
				INFOPLIST_FILE = test1UITests/Info.plist;
				LD_RUNPATH_SEARCH_PATHS = "$(inherited) @executable_path/Frameworks @loader_path/Frameworks";
				PRODUCT_BUNDLE_IDENTIFIER = "com.CustomSoftware-Sg.test1.test1UITests";
				PRODUCT_NAME = "$(TARGET_NAME)";
				SWIFT_VERSION = 4.0;
				TARGETED_DEVICE_FAMILY = "1,2";
				TEST_TARGET_NAME = test1;
			};
			name = Debug;
		};
		7612211E1F7A5C1200024C70 /* Release */ = {
			isa = XCBuildConfiguration;
			buildSettings = {
				ALWAYS_EMBED_SWIFT_STANDARD_LIBRARIES = YES;
				CODE_SIGN_STYLE = Automatic;
				INFOPLIST_FILE = test1UITests/Info.plist;
				LD_RUNPATH_SEARCH_PATHS = "$(inherited) @executable_path/Frameworks @loader_path/Frameworks";
				PRODUCT_BUNDLE_IDENTIFIER = "com.CustomSoftware-Sg.test1.test1UITests";
				PRODUCT_NAME = "$(TARGET_NAME)";
				SWIFT_VERSION = 4.0;
				TARGETED_DEVICE_FAMILY = "1,2";
				TEST_TARGET_NAME = test1;
			};
			name = Release;
		};
/* End XCBuildConfiguration section */

/* Begin XCConfigurationList section */
		761220E91F7A5C1100024C70 /* Build configuration list for PBXProject "test1" */ = {
			isa = XCConfigurationList;
			buildConfigurations = (
				761221141F7A5C1200024C70 /* Debug */,
				761221151F7A5C1200024C70 /* Release */,
			);
			defaultConfigurationIsVisible = 0;
			defaultConfigurationName = Release;
		};
		761221161F7A5C1200024C70 /* Build configuration list for PBXNativeTarget "test1" */ = {
			isa = XCConfigurationList;
			buildConfigurations = (
				761221171F7A5C1200024C70 /* Debug */,
				761221181F7A5C1200024C70 /* Release */,
			);
			defaultConfigurationIsVisible = 0;
			defaultConfigurationName = Release;
		};
		761221191F7A5C1200024C70 /* Build configuration list for PBXNativeTarget "test1Tests" */ = {
			isa = XCConfigurationList;
			buildConfigurations = (
				7612211A1F7A5C1200024C70 /* Debug */,
				7612211B1F7A5C1200024C70 /* Release */,
			);
			defaultConfigurationIsVisible = 0;
			defaultConfigurationName = Release;
		};
		7612211C1F7A5C1200024C70 /* Build configuration list for PBXNativeTarget "test1UITests" */ = {
			isa = XCConfigurationList;
			buildConfigurations = (
				7612211D1F7A5C1200024C70 /* Debug */,
				7612211E1F7A5C1200024C70 /* Release */,
			);
			defaultConfigurationIsVisible = 0;
			defaultConfigurationName = Release;
		};
/* End XCConfigurationList section */
	};
	rootObject = 761220E61F7A5C1100024C70 /* Project object */;
}
